
Microsoft Visual Studio Solution File, Format Version 12.00
# Visual Studio Version 16
VisualStudioVersion = 16.0.31205.134
MinimumVisualStudioVersion = 10.0.40219.1
Project("{2150E333-8FDC-42A3-9474-1A3956D46DE8}") = "Drawings", "Drawings", "{C5D57D10-1F7E-4482-AC34-CDCC9C516A41}"
EndProject
Project("{2150E333-8FDC-42A3-9474-1A3956D46DE8}") = "Model", "Model", "{C8506E64-64A9-4012-A900-F1E4B8CC8BE7}"
EndProject
Project("{2150E333-8FDC-42A3-9474-1A3956D46DE8}") = "Applications", "Applications", "{8BACC041-CB83-4EE8-903E-B73B7F035D1A}"
EndProject
Project("{2150E333-8FDC-42A3-9474-1A3956D46DE8}") = "Plugins", "Plugins", "{158BEC71-91B8-4509-979C-DB79A2FD167C}"
EndProject
Project("{2150E333-8FDC-42A3-9474-1A3956D46DE8}") = "Applications", "Applications", "{4DFD7348-0650-4D26-9449-7C63A0C0787D}"
EndProject
Project("{2150E333-8FDC-42A3-9474-1A3956D46DE8}") = "Plugins", "Plugins", "{69D4C219-4DE6-4229-BEE6-5996D718AE4A}"
EndProject
Project("{9A19103F-16F7-4668-BE54-9A1E7A4F7556}") = "AnchorBoltsSimple", "Source\Drawings\Applications\AnchorBoltsSimple\AnchorBoltsSimple.csproj", "{631E51A9-AD61-48FD-B384-83E3EF0701F0}"
EndProject
Project("{9A19103F-16F7-4668-BE54-9A1E7A4F7556}") = "AnchorBoltsWinform", "Source\Drawings\Applications\AnchorBoltsWinform\AnchorBoltsWinform.csproj", "{EC5075CA-3FC3-4A22-93FD-C79740CEBE13}"
EndProject
Project("{9A19103F-16F7-4668-BE54-9A1E7A4F7556}") = "SpreadsheetReinforcement", "Source\Modeling\Applications\SpreadsheetReinforcement\SpreadsheetReinforcement.csproj", "{9708004D-52AF-4ACE-B2F1-79BC2C5B8996}"
EndProject
Project("{9A19103F-16F7-4668-BE54-9A1E7A4F7556}") = "JoistArea", "Source\Modeling\Plugins\JoistArea\JoistArea.csproj", "{02705D25-5C13-4344-ADA0-089C33303749}"
EndProject
Project("{9A19103F-16F7-4668-BE54-9A1E7A4F7556}") = "JoistAreaFeatures", "Source\Modeling\Plugins\JoistAreaFeatures\JoistAreaFeatures.csproj", "{F22A50DD-C17E-4C77-90CC-B4926B70280A}"
EndProject
Project("{9A19103F-16F7-4668-BE54-9A1E7A4F7556}") = "DrawingRectangle", "Source\Drawings\Plugins\DrawingRectangle\DrawingRectangle.csproj", "{0BA0F8DA-2CDA-4F66-AD80-EC90DF411319}"
EndProject
Project("{9A19103F-16F7-4668-BE54-9A1E7A4F7556}") = "SimpleHeadless", "Source\Modeling\Applications\SimpleHeadless\SimpleHeadless.csproj", "{47A0F689-E49D-4882-84D6-2761A58C1463}"
EndProject
Project("{2150E333-8FDC-42A3-9474-1A3956D46DE8}") = "Solution Items", "Solution Items", "{20777E98-85E5-4F5D-B4BC-9CD4E3BCB565}"
	ProjectSection(SolutionItems) = preProject
		Directory.Build.props = Directory.Build.props
		Packages.props = Packages.props
	EndProjectSection
EndProject
Global
	GlobalSection(SolutionConfigurationPlatforms) = preSolution
		Debug|Any CPU = Debug|Any CPU
		Release|Any CPU = Release|Any CPU
	EndGlobalSection
	GlobalSection(ProjectConfigurationPlatforms) = postSolution
		{631E51A9-AD61-48FD-B384-83E3EF0701F0}.Debug|Any CPU.ActiveCfg = Debug|Any CPU
		{631E51A9-AD61-48FD-B384-83E3EF0701F0}.Debug|Any CPU.Build.0 = Debug|Any CPU
		{631E51A9-AD61-48FD-B384-83E3EF0701F0}.Release|Any CPU.ActiveCfg = Release|Any CPU
		{631E51A9-AD61-48FD-B384-83E3EF0701F0}.Release|Any CPU.Build.0 = Release|Any CPU
		{EC5075CA-3FC3-4A22-93FD-C79740CEBE13}.Debug|Any CPU.ActiveCfg = Debug|Any CPU
		{EC5075CA-3FC3-4A22-93FD-C79740CEBE13}.Debug|Any CPU.Build.0 = Debug|Any CPU
		{EC5075CA-3FC3-4A22-93FD-C79740CEBE13}.Release|Any CPU.ActiveCfg = Release|Any CPU
		{EC5075CA-3FC3-4A22-93FD-C79740CEBE13}.Release|Any CPU.Build.0 = Release|Any CPU
		{9708004D-52AF-4ACE-B2F1-79BC2C5B8996}.Debug|Any CPU.ActiveCfg = Debug|Any CPU
		{9708004D-52AF-4ACE-B2F1-79BC2C5B8996}.Debug|Any CPU.Build.0 = Debug|Any CPU
		{9708004D-52AF-4ACE-B2F1-79BC2C5B8996}.Release|Any CPU.ActiveCfg = Release|Any CPU
		{9708004D-52AF-4ACE-B2F1-79BC2C5B8996}.Release|Any CPU.Build.0 = Release|Any CPU
		{02705D25-5C13-4344-ADA0-089C33303749}.Debug|Any CPU.ActiveCfg = Debug|Any CPU
		{02705D25-5C13-4344-ADA0-089C33303749}.Debug|Any CPU.Build.0 = Debug|Any CPU
		{02705D25-5C13-4344-ADA0-089C33303749}.Release|Any CPU.ActiveCfg = Release|Any CPU
		{02705D25-5C13-4344-ADA0-089C33303749}.Release|Any CPU.Build.0 = Release|Any CPU
		{F22A50DD-C17E-4C77-90CC-B4926B70280A}.Debug|Any CPU.ActiveCfg = Debug|Any CPU
		{F22A50DD-C17E-4C77-90CC-B4926B70280A}.Debug|Any CPU.Build.0 = Debug|Any CPU
		{F22A50DD-C17E-4C77-90CC-B4926B70280A}.Release|Any CPU.ActiveCfg = Release|Any CPU
		{F22A50DD-C17E-4C77-90CC-B4926B70280A}.Release|Any CPU.Build.0 = Release|Any CPU
		{0BA0F8DA-2CDA-4F66-AD80-EC90DF411319}.Debug|Any CPU.ActiveCfg = Debug|Any CPU
		{0BA0F8DA-2CDA-4F66-AD80-EC90DF411319}.Debug|Any CPU.Build.0 = Debug|Any CPU
		{0BA0F8DA-2CDA-4F66-AD80-EC90DF411319}.Release|Any CPU.ActiveCfg = Release|Any CPU
		{0BA0F8DA-2CDA-4F66-AD80-EC90DF411319}.Release|Any CPU.Build.0 = Release|Any CPU
		{47A0F689-E49D-4882-84D6-2761A58C1463}.Debug|Any CPU.ActiveCfg = Debug|Any CPU
		{47A0F689-E49D-4882-84D6-2761A58C1463}.Debug|Any CPU.Build.0 = Debug|Any CPU
		{47A0F689-E49D-4882-84D6-2761A58C1463}.Release|Any CPU.ActiveCfg = Release|Any CPU
		{47A0F689-E49D-4882-84D6-2761A58C1463}.Release|Any CPU.Build.0 = Release|Any CPU
	EndGlobalSection
	GlobalSection(SolutionProperties) = preSolution
		HideSolutionNode = FALSE
	EndGlobalSection
	GlobalSection(NestedProjects) = preSolution
		{8BACC041-CB83-4EE8-903E-B73B7F035D1A} = {C5D57D10-1F7E-4482-AC34-CDCC9C516A41}
		{158BEC71-91B8-4509-979C-DB79A2FD167C} = {C5D57D10-1F7E-4482-AC34-CDCC9C516A41}
		{4DFD7348-0650-4D26-9449-7C63A0C0787D} = {C8506E64-64A9-4012-A900-F1E4B8CC8BE7}
		{69D4C219-4DE6-4229-BEE6-5996D718AE4A} = {C8506E64-64A9-4012-A900-F1E4B8CC8BE7}
		{631E51A9-AD61-48FD-B384-83E3EF0701F0} = {8BACC041-CB83-4EE8-903E-B73B7F035D1A}
		{EC5075CA-3FC3-4A22-93FD-C79740CEBE13} = {8BACC041-CB83-4EE8-903E-B73B7F035D1A}
		{9708004D-52AF-4ACE-B2F1-79BC2C5B8996} = {4DFD7348-0650-4D26-9449-7C63A0C0787D}
		{02705D25-5C13-4344-ADA0-089C33303749} = {69D4C219-4DE6-4229-BEE6-5996D718AE4A}
		{F22A50DD-C17E-4C77-90CC-B4926B70280A} = {69D4C219-4DE6-4229-BEE6-5996D718AE4A}
		{0BA0F8DA-2CDA-4F66-AD80-EC90DF411319} = {158BEC71-91B8-4509-979C-DB79A2FD167C}
		{47A0F689-E49D-4882-84D6-2761A58C1463} = {4DFD7348-0650-4D26-9449-7C63A0C0787D}
	EndGlobalSection
	GlobalSection(ExtensibilityGlobals) = postSolution
		SolutionGuid = {0F3C73B6-0090-4C33-ACD6-0524B977AA67}
	EndGlobalSection
EndGlobal
